PODS:
  - CocoaLumberjack (3.6.0):
    - CocoaLumberjack/Core (= 3.6.0)
  - CocoaLumberjack/Core (3.6.0)
  - Crashlytics (3.14.0):
    - Fabric (~> 1.10.2)
  - Fabric (1.10.2)
  - KeychainSwift (18.0.0)
  - SVGKit (2.1.1):
    - CocoaLumberjack (~> 3.0)
  - SwiftyJSON (5.0.0)

DEPENDENCIES:
  - Crashlytics
  - Fabric
  - KeychainSwift
  - SVGKit
  - SwiftyJSON

SPEC REPOS:
  trunk:
    - CocoaLumberjack
    - Crashlytics
    - Fabric
    - KeychainSwift
    - SVGKit
    - SwiftyJSON

SPEC CHECKSUMS:
  CocoaLumberjack: 78b0c238666f4f58db069738ec176f4519557516
  Crashlytics: 540b7e5f5da5a042647227a5e3ac51d85eed06df
  Fabric: 706c8b8098fff96c33c0db69cbf81f9c551d0d74
  KeychainSwift: c46e1438d121e47459fb304ac88c5e058a2a91ed
  SVGKit: 652cdf7bef8bec8564d04a8511d3ab50c7595fac
  SwiftyJSON: 36413e04c44ee145039d332b4f4e2d3e8d6c4db7

PODFILE CHECKSUM: 8a9e3d3d56b1b86b007481e666ad5e9143b168c2

COCOAPODS: 1.9.1
